
Microsoft Visual Studio Solution File, Format Version 12.00
# Visual Studio Version 17
VisualStudioVersion = 17.9.34728.123
MinimumVisualStudioVersion = 10.0.40219.1
Project("{9A19103F-16F7-4668-BE54-9A1E7A4F7556}") = "HelloWorld", "HelloWorld\HelloWorld.csproj", "{1010D78B-A449-452F-9CF6-421D90C5E72F}"
EndProject
Project("{9A19103F-16F7-4668-BE54-9A1E7A4F7556}") = "GreetingApp", "GreetingApp\GreetingApp.csproj", "{7EDBB6CA-B3D0-4C40-B2A1-1527B43FBDCA}"
EndProject
Project("{9A19103F-16F7-4668-BE54-9A1E7A4F7556}") = "VariablesString", "VariablesString\VariablesString.csproj", "{239BDFDE-A492-4B7D-B27A-B09921277638}"
EndProject
Project("{9A19103F-16F7-4668-BE54-9A1E7A4F7556}") = "VariablesInteger", "VariablesInteger\VariablesInteger.csproj", "{8B0F4E21-6207-4078-B6F0-1B160E58E456}"
EndProject
Project("{9A19103F-16F7-4668-BE54-9A1E7A4F7556}") = "VariablesDouble", "VariablesDouble\VariablesDouble.csproj", "{880A3591-9175-4619-B5F3-53C41DCC0306}"
EndProject
Project("{9A19103F-16F7-4668-BE54-9A1E7A4F7556}") = "VariablesDecimal", "VariablesDecimal\VariablesDecimal.csproj", "{6B74F379-A3ED-4031-80B6-FF416228C368}"
EndProject
Project("{9A19103F-16F7-4668-BE54-9A1E7A4F7556}") = "VariablesBoolean", "VariablesBoolean\VariablesBoolean.csproj", "{5A2BEB18-E860-408F-AC6C-A07488AC98DD}"
EndProject
Project("{9A19103F-16F7-4668-BE54-9A1E7A4F7556}") = "VariablesNull", "VariablesNull\VariablesNull.csproj", "{08C8911B-87D6-4ABD-AF3B-0553214F4481}"
EndProject
Project("{9A19103F-16F7-4668-BE54-9A1E7A4F7556}") = "VariablesHomework1Variables", "VariablesHomework1Variables\VariablesHomework1Variables.csproj", "{6DB7EF5E-9057-4728-88AD-28910AD66C64}"
EndProject
Project("{9A19103F-16F7-4668-BE54-9A1E7A4F7556}") = "VariablesDateTime", "VariablesDateTime\VariablesDateTime.csproj", "{C4BE29A9-4137-4501-A9CB-C3BE4293ADBD}"
EndProject
Project("{9A19103F-16F7-4668-BE54-9A1E7A4F7556}") = "VariablesDateOnly", "VariablesDateOnly\VariablesDateOnly.csproj", "{781B0204-152E-4286-A126-5297B548DD69}"
EndProject
Project("{9A19103F-16F7-4668-BE54-9A1E7A4F7556}") = "VariablesTimeOnly", "VariablesTimeOnly\VariablesTimeOnly.csproj", "{2004F1AD-1392-4CF9-9B84-2D122E09CD1D}"
EndProject
Project("{9A19103F-16F7-4668-BE54-9A1E7A4F7556}") = "VariablesTypeConversions", "VariablesTypeConversions\VariablesTypeConversions.csproj", "{137954C9-12D1-4B92-8343-C39CAAFCDF46}"
EndProject
Project("{9A19103F-16F7-4668-BE54-9A1E7A4F7556}") = "VariablesHomework2TypeConversions", "VariablesHomework2TypeConversions\VariablesHomework2TypeConversions.csproj", "{D0454E9E-5ABD-468E-8078-45BF90032896}"
EndProject
Project("{9A19103F-16F7-4668-BE54-9A1E7A4F7556}") = "ConditionalsBasicIf", "ConditionalsBasicIf\ConditionalsBasicIf.csproj", "{FD03E1B5-7C76-462D-992D-A1A22F6E8E05}"
EndProject
Project("{9A19103F-16F7-4668-BE54-9A1E7A4F7556}") = "ConditionalsAdvancedIf", "ConditionalsAdvancedIf\ConditionalsAdvancedIf.csproj", "{E8993F4A-F477-4CF0-81A7-56F15893F2A6}"
EndProject
Project("{9A19103F-16F7-4668-BE54-9A1E7A4F7556}") = "ConditionalsSwitch", "ConditionalsSwitch\ConditionalsSwitch.csproj", "{062A88CE-108E-4A8C-A40E-A87117D75997}"
EndProject
Project("{9A19103F-16F7-4668-BE54-9A1E7A4F7556}") = "ConditionalsHomework1ConditionalsStatements", "ConditionalsHomework1ConditionalsStatements\ConditionalsHomework1ConditionalsStatements.csproj", "{51B49D14-7A88-46D9-A443-7BF98B7C3D69}"
EndProject
Project("{9A19103F-16F7-4668-BE54-9A1E7A4F7556}") = "MiniProjectStudentCheck", "MiniProjectStudentCheck\MiniProjectStudentCheck.csproj", "{7C41DFA5-D735-465F-B58A-B8803E6080C0}"
EndProject
Project("{9A19103F-16F7-4668-BE54-9A1E7A4F7556}") = "LoopsDoWhile", "LoopsDo\LoopsDoWhile.csproj", "{54D0A106-8AE0-490D-9552-639680D24D09}"
EndProject
Project("{9A19103F-16F7-4668-BE54-9A1E7A4F7556}") = "LoopsHomework1DoWhile", "LoopsHomework1DoWhile\LoopsHomework1DoWhile.csproj", "{5B781C38-61E0-44FF-8ACB-7863708D154B}"
EndProject
Project("{9A19103F-16F7-4668-BE54-9A1E7A4F7556}") = "SetsArrays", "SetsArrays\SetsArrays.csproj", "{ACEC4097-6793-4729-B4CB-9C663937BD6B}"
EndProject
Project("{9A19103F-16F7-4668-BE54-9A1E7A4F7556}") = "SetsHomework1Arrays", "SetsHomework1Arrays\SetsHomework1Arrays.csproj", "{D819D2B2-DD67-4ACC-BA3D-F7298F49DA03}"
EndProject
Project("{9A19103F-16F7-4668-BE54-9A1E7A4F7556}") = "SetsLists", "SetsLists\SetsLists.csproj", "{46FBA19D-5D26-41E2-BC69-A76BC3691FF4}"
EndProject
Project("{9A19103F-16F7-4668-BE54-9A1E7A4F7556}") = "SetsHomework2Lists", "SetsHomework2Lists\SetsHomework2Lists.csproj", "{BB1E8B93-46CB-4E05-802C-B9175DD04B24}"
EndProject
Project("{9A19103F-16F7-4668-BE54-9A1E7A4F7556}") = "SetsDictionaries", "SetsDictionaries\SetsDictionaries.csproj", "{1B57D9CE-F5F1-4EF4-90A1-2B3C95D26E75}"
EndProject
Project("{FAE04EC0-301F-11D3-BF4B-00C04F79EFBC}") = "SetsHomework3Dictionaries", "SetsHomework3Dictionaries\SetsHomework3Dictionaries.csproj", "{BC0A6B0D-4C33-4053-88BD-E7F36DC361B0}"
EndProject
Project("{FAE04EC0-301F-11D3-BF4B-00C04F79EFBC}") = "LoopsFor", "LoopsFor\LoopsFor.csproj", "{535DC9C1-1EE6-4ED6-9E5D-02D93B5B5F7E}"
EndProject
Global
	GlobalSection(SolutionConfigurationPlatforms) = preSolution
		Debug|Any CPU = Debug|Any CPU
		Release|Any CPU = Release|Any CPU
	EndGlobalSection
	GlobalSection(ProjectConfigurationPlatforms) = postSolution
		{1010D78B-A449-452F-9CF6-421D90C5E72F}.Debug|Any CPU.ActiveCfg = Debug|Any CPU
		{1010D78B-A449-452F-9CF6-421D90C5E72F}.Debug|Any CPU.Build.0 = Debug|Any CPU
		{1010D78B-A449-452F-9CF6-421D90C5E72F}.Release|Any CPU.ActiveCfg = Release|Any CPU
		{1010D78B-A449-452F-9CF6-421D90C5E72F}.Release|Any CPU.Build.0 = Release|Any CPU
		{7EDBB6CA-B3D0-4C40-B2A1-1527B43FBDCA}.Debug|Any CPU.ActiveCfg = Debug|Any CPU
		{7EDBB6CA-B3D0-4C40-B2A1-1527B43FBDCA}.Debug|Any CPU.Build.0 = Debug|Any CPU
		{7EDBB6CA-B3D0-4C40-B2A1-1527B43FBDCA}.Release|Any CPU.ActiveCfg = Release|Any CPU
		{7EDBB6CA-B3D0-4C40-B2A1-1527B43FBDCA}.Release|Any CPU.Build.0 = Release|Any CPU
		{239BDFDE-A492-4B7D-B27A-B09921277638}.Debug|Any CPU.ActiveCfg = Debug|Any CPU
		{239BDFDE-A492-4B7D-B27A-B09921277638}.Debug|Any CPU.Build.0 = Debug|Any CPU
		{239BDFDE-A492-4B7D-B27A-B09921277638}.Release|Any CPU.ActiveCfg = Release|Any CPU
		{239BDFDE-A492-4B7D-B27A-B09921277638}.Release|Any CPU.Build.0 = Release|Any CPU
		{8B0F4E21-6207-4078-B6F0-1B160E58E456}.Debug|Any CPU.ActiveCfg = Debug|Any CPU
		{8B0F4E21-6207-4078-B6F0-1B160E58E456}.Debug|Any CPU.Build.0 = Debug|Any CPU
		{8B0F4E21-6207-4078-B6F0-1B160E58E456}.Release|Any CPU.ActiveCfg = Release|Any CPU
		{8B0F4E21-6207-4078-B6F0-1B160E58E456}.Release|Any CPU.Build.0 = Release|Any CPU
		{880A3591-9175-4619-B5F3-53C41DCC0306}.Debug|Any CPU.ActiveCfg = Debug|Any CPU
		{880A3591-9175-4619-B5F3-53C41DCC0306}.Debug|Any CPU.Build.0 = Debug|Any CPU
		{880A3591-9175-4619-B5F3-53C41DCC0306}.Release|Any CPU.ActiveCfg = Release|Any CPU
		{880A3591-9175-4619-B5F3-53C41DCC0306}.Release|Any CPU.Build.0 = Release|Any CPU
		{6B74F379-A3ED-4031-80B6-FF416228C368}.Debug|Any CPU.ActiveCfg = Debug|Any CPU
		{6B74F379-A3ED-4031-80B6-FF416228C368}.Debug|Any CPU.Build.0 = Debug|Any CPU
		{6B74F379-A3ED-4031-80B6-FF416228C368}.Release|Any CPU.ActiveCfg = Release|Any CPU
		{6B74F379-A3ED-4031-80B6-FF416228C368}.Release|Any CPU.Build.0 = Release|Any CPU
		{5A2BEB18-E860-408F-AC6C-A07488AC98DD}.Debug|Any CPU.ActiveCfg = Debug|Any CPU
		{5A2BEB18-E860-408F-AC6C-A07488AC98DD}.Debug|Any CPU.Build.0 = Debug|Any CPU
		{5A2BEB18-E860-408F-AC6C-A07488AC98DD}.Release|Any CPU.ActiveCfg = Release|Any CPU
		{5A2BEB18-E860-408F-AC6C-A07488AC98DD}.Release|Any CPU.Build.0 = Release|Any CPU
		{08C8911B-87D6-4ABD-AF3B-0553214F4481}.Debug|Any CPU.ActiveCfg = Debug|Any CPU
		{08C8911B-87D6-4ABD-AF3B-0553214F4481}.Debug|Any CPU.Build.0 = Debug|Any CPU
		{08C8911B-87D6-4ABD-AF3B-0553214F4481}.Release|Any CPU.ActiveCfg = Release|Any CPU
		{08C8911B-87D6-4ABD-AF3B-0553214F4481}.Release|Any CPU.Build.0 = Release|Any CPU
		{6DB7EF5E-9057-4728-88AD-28910AD66C64}.Debug|Any CPU.ActiveCfg = Debug|Any CPU
		{6DB7EF5E-9057-4728-88AD-28910AD66C64}.Debug|Any CPU.Build.0 = Debug|Any CPU
		{6DB7EF5E-9057-4728-88AD-28910AD66C64}.Release|Any CPU.ActiveCfg = Release|Any CPU
		{6DB7EF5E-9057-4728-88AD-28910AD66C64}.Release|Any CPU.Build.0 = Release|Any CPU
		{C4BE29A9-4137-4501-A9CB-C3BE4293ADBD}.Debug|Any CPU.ActiveCfg = Debug|Any CPU
		{C4BE29A9-4137-4501-A9CB-C3BE4293ADBD}.Debug|Any CPU.Build.0 = Debug|Any CPU
		{C4BE29A9-4137-4501-A9CB-C3BE4293ADBD}.Release|Any CPU.ActiveCfg = Release|Any CPU
		{C4BE29A9-4137-4501-A9CB-C3BE4293ADBD}.Release|Any CPU.Build.0 = Release|Any CPU
		{781B0204-152E-4286-A126-5297B548DD69}.Debug|Any CPU.ActiveCfg = Debug|Any CPU
		{781B0204-152E-4286-A126-5297B548DD69}.Debug|Any CPU.Build.0 = Debug|Any CPU
		{781B0204-152E-4286-A126-5297B548DD69}.Release|Any CPU.ActiveCfg = Release|Any CPU
		{781B0204-152E-4286-A126-5297B548DD69}.Release|Any CPU.Build.0 = Release|Any CPU
		{2004F1AD-1392-4CF9-9B84-2D122E09CD1D}.Debug|Any CPU.ActiveCfg = Debug|Any CPU
		{2004F1AD-1392-4CF9-9B84-2D122E09CD1D}.Debug|Any CPU.Build.0 = Debug|Any CPU
		{2004F1AD-1392-4CF9-9B84-2D122E09CD1D}.Release|Any CPU.ActiveCfg = Release|Any CPU
		{2004F1AD-1392-4CF9-9B84-2D122E09CD1D}.Release|Any CPU.Build.0 = Release|Any CPU
		{137954C9-12D1-4B92-8343-C39CAAFCDF46}.Debug|Any CPU.ActiveCfg = Debug|Any CPU
		{137954C9-12D1-4B92-8343-C39CAAFCDF46}.Debug|Any CPU.Build.0 = Debug|Any CPU
		{137954C9-12D1-4B92-8343-C39CAAFCDF46}.Release|Any CPU.ActiveCfg = Release|Any CPU
		{137954C9-12D1-4B92-8343-C39CAAFCDF46}.Release|Any CPU.Build.0 = Release|Any CPU
		{D0454E9E-5ABD-468E-8078-45BF90032896}.Debug|Any CPU.ActiveCfg = Debug|Any CPU
		{D0454E9E-5ABD-468E-8078-45BF90032896}.Debug|Any CPU.Build.0 = Debug|Any CPU
		{D0454E9E-5ABD-468E-8078-45BF90032896}.Release|Any CPU.ActiveCfg = Release|Any CPU
		{D0454E9E-5ABD-468E-8078-45BF90032896}.Release|Any CPU.Build.0 = Release|Any CPU
		{FD03E1B5-7C76-462D-992D-A1A22F6E8E05}.Debug|Any CPU.ActiveCfg = Debug|Any CPU
		{FD03E1B5-7C76-462D-992D-A1A22F6E8E05}.Debug|Any CPU.Build.0 = Debug|Any CPU
		{FD03E1B5-7C76-462D-992D-A1A22F6E8E05}.Release|Any CPU.ActiveCfg = Release|Any CPU
		{FD03E1B5-7C76-462D-992D-A1A22F6E8E05}.Release|Any CPU.Build.0 = Release|Any CPU
		{E8993F4A-F477-4CF0-81A7-56F15893F2A6}.Debug|Any CPU.ActiveCfg = Debug|Any CPU
		{E8993F4A-F477-4CF0-81A7-56F15893F2A6}.Debug|Any CPU.Build.0 = Debug|Any CPU
		{E8993F4A-F477-4CF0-81A7-56F15893F2A6}.Release|Any CPU.ActiveCfg = Release|Any CPU
		{E8993F4A-F477-4CF0-81A7-56F15893F2A6}.Release|Any CPU.Build.0 = Release|Any CPU
		{062A88CE-108E-4A8C-A40E-A87117D75997}.Debug|Any CPU.ActiveCfg = Debug|Any CPU
		{062A88CE-108E-4A8C-A40E-A87117D75997}.Debug|Any CPU.Build.0 = Debug|Any CPU
		{062A88CE-108E-4A8C-A40E-A87117D75997}.Release|Any CPU.ActiveCfg = Release|Any CPU
		{062A88CE-108E-4A8C-A40E-A87117D75997}.Release|Any CPU.Build.0 = Release|Any CPU
		{51B49D14-7A88-46D9-A443-7BF98B7C3D69}.Debug|Any CPU.ActiveCfg = Debug|Any CPU
		{51B49D14-7A88-46D9-A443-7BF98B7C3D69}.Debug|Any CPU.Build.0 = Debug|Any CPU
		{51B49D14-7A88-46D9-A443-7BF98B7C3D69}.Release|Any CPU.ActiveCfg = Release|Any CPU
		{51B49D14-7A88-46D9-A443-7BF98B7C3D69}.Release|Any CPU.Build.0 = Release|Any CPU
		{7C41DFA5-D735-465F-B58A-B8803E6080C0}.Debug|Any CPU.ActiveCfg = Debug|Any CPU
		{7C41DFA5-D735-465F-B58A-B8803E6080C0}.Debug|Any CPU.Build.0 = Debug|Any CPU
		{7C41DFA5-D735-465F-B58A-B8803E6080C0}.Release|Any CPU.ActiveCfg = Release|Any CPU
		{7C41DFA5-D735-465F-B58A-B8803E6080C0}.Release|Any CPU.Build.0 = Release|Any CPU
		{54D0A106-8AE0-490D-9552-639680D24D09}.Debug|Any CPU.ActiveCfg = Debug|Any CPU
		{54D0A106-8AE0-490D-9552-639680D24D09}.Debug|Any CPU.Build.0 = Debug|Any CPU
		{54D0A106-8AE0-490D-9552-639680D24D09}.Release|Any CPU.ActiveCfg = Release|Any CPU
		{54D0A106-8AE0-490D-9552-639680D24D09}.Release|Any CPU.Build.0 = Release|Any CPU
		{5B781C38-61E0-44FF-8ACB-7863708D154B}.Debug|Any CPU.ActiveCfg = Debug|Any CPU
		{5B781C38-61E0-44FF-8ACB-7863708D154B}.Debug|Any CPU.Build.0 = Debug|Any CPU
		{5B781C38-61E0-44FF-8ACB-7863708D154B}.Release|Any CPU.ActiveCfg = Release|Any CPU
		{5B781C38-61E0-44FF-8ACB-7863708D154B}.Release|Any CPU.Build.0 = Release|Any CPU
		{ACEC4097-6793-4729-B4CB-9C663937BD6B}.Debug|Any CPU.ActiveCfg = Debug|Any CPU
		{ACEC4097-6793-4729-B4CB-9C663937BD6B}.Debug|Any CPU.Build.0 = Debug|Any CPU
		{ACEC4097-6793-4729-B4CB-9C663937BD6B}.Release|Any CPU.ActiveCfg = Release|Any CPU
		{ACEC4097-6793-4729-B4CB-9C663937BD6B}.Release|Any CPU.Build.0 = Release|Any CPU
		{D819D2B2-DD67-4ACC-BA3D-F7298F49DA03}.Debug|Any CPU.ActiveCfg = Debug|Any CPU
		{D819D2B2-DD67-4ACC-BA3D-F7298F49DA03}.Debug|Any CPU.Build.0 = Debug|Any CPU
		{D819D2B2-DD67-4ACC-BA3D-F7298F49DA03}.Release|Any CPU.ActiveCfg = Release|Any CPU
		{D819D2B2-DD67-4ACC-BA3D-F7298F49DA03}.Release|Any CPU.Build.0 = Release|Any CPU
		{46FBA19D-5D26-41E2-BC69-A76BC3691FF4}.Debug|Any CPU.ActiveCfg = Debug|Any CPU
		{46FBA19D-5D26-41E2-BC69-A76BC3691FF4}.Debug|Any CPU.Build.0 = Debug|Any CPU
		{46FBA19D-5D26-41E2-BC69-A76BC3691FF4}.Release|Any CPU.ActiveCfg = Release|Any CPU
		{46FBA19D-5D26-41E2-BC69-A76BC3691FF4}.Release|Any CPU.Build.0 = Release|Any CPU
		{BB1E8B93-46CB-4E05-802C-B9175DD04B24}.Debug|Any CPU.ActiveCfg = Debug|Any CPU
		{BB1E8B93-46CB-4E05-802C-B9175DD04B24}.Debug|Any CPU.Build.0 = Debug|Any CPU
		{BB1E8B93-46CB-4E05-802C-B9175DD04B24}.Release|Any CPU.ActiveCfg = Release|Any CPU
		{BB1E8B93-46CB-4E05-802C-B9175DD04B24}.Release|Any CPU.Build.0 = Release|Any CPU
		{1B57D9CE-F5F1-4EF4-90A1-2B3C95D26E75}.Debug|Any CPU.ActiveCfg = Debug|Any CPU
		{1B57D9CE-F5F1-4EF4-90A1-2B3C95D26E75}.Debug|Any CPU.Build.0 = Debug|Any CPU
		{1B57D9CE-F5F1-4EF4-90A1-2B3C95D26E75}.Release|Any CPU.ActiveCfg = Release|Any CPU
		{1B57D9CE-F5F1-4EF4-90A1-2B3C95D26E75}.Release|Any CPU.Build.0 = Release|Any CPU
		{BC0A6B0D-4C33-4053-88BD-E7F36DC361B0}.Debug|Any CPU.ActiveCfg = Debug|Any CPU
		{BC0A6B0D-4C33-4053-88BD-E7F36DC361B0}.Debug|Any CPU.Build.0 = Debug|Any CPU
		{BC0A6B0D-4C33-4053-88BD-E7F36DC361B0}.Release|Any CPU.ActiveCfg = Release|Any CPU
		{BC0A6B0D-4C33-4053-88BD-E7F36DC361B0}.Release|Any CPU.Build.0 = Release|Any CPU
		{535DC9C1-1EE6-4ED6-9E5D-02D93B5B5F7E}.Debug|Any CPU.ActiveCfg = Debug|Any CPU
		{535DC9C1-1EE6-4ED6-9E5D-02D93B5B5F7E}.Debug|Any CPU.Build.0 = Debug|Any CPU
		{535DC9C1-1EE6-4ED6-9E5D-02D93B5B5F7E}.Release|Any CPU.ActiveCfg = Release|Any CPU
		{535DC9C1-1EE6-4ED6-9E5D-02D93B5B5F7E}.Release|Any CPU.Build.0 = Release|Any CPU
	EndGlobalSection
	GlobalSection(SolutionProperties) = preSolution
		HideSolutionNode = FALSE
	EndGlobalSection
	GlobalSection(ExtensibilityGlobals) = postSolution
		SolutionGuid = {08ED5DFE-4CCB-4373-8E18-2A82BD84D1EA}
	EndGlobalSection
EndGlobal
